// !$*UTF8*$!
{
	archiveVersion = 1;
	classes = {
	};
	objectVersion = 56;
	objects = {

/* Begin PBXBuildFile section */
		032494BF2AE06F920003ED1E /* AppDelegate.swift in Sources */ = {isa = PBXBuildFile; fileRef = 032494BE2AE06F920003ED1E /* AppDelegate.swift */; };
		032494C12AE06F920003ED1E /* SceneDelegate.swift in Sources */ = {isa = PBXBuildFile; fileRef = 032494C02AE06F920003ED1E /* SceneDelegate.swift */; };
		032494C32AE06F920003ED1E /* ViewController.swift in Sources */ = {isa = PBXBuildFile; fileRef = 032494C22AE06F920003ED1E /* ViewController.swift */; };
		032494C82AE06F930003ED1E /* Assets.xcassets in Resources */ = {isa = PBXBuildFile; fileRef = 032494C72AE06F930003ED1E /* Assets.xcassets */; };
		032494CB2AE06F930003ED1E /* LaunchScreen.storyboard in Resources */ = {isa = PBXBuildFile; fileRef = 032494C92AE06F930003ED1E /* LaunchScreen.storyboard */; };
		032494DD2AE2F2310003ED1E /* ModalViewController.swift in Sources */ = {isa = PBXBuildFile; fileRef = 032494DC2AE2F2310003ED1E /* ModalViewController.swift */; };
		032494DF2AE2F5530003ED1E /* Component.swift in Sources */ = {isa = PBXBuildFile; fileRef = 032494DE2AE2F5530003ED1E /* Component.swift */; };
		032494E52AE2FF220003ED1E /* ComponentPresenter.swift in Sources */ = {isa = PBXBuildFile; fileRef = 032494E42AE2FF220003ED1E /* ComponentPresenter.swift */; };
		032494E72AE534750003ED1E /* Builder.swift in Sources */ = {isa = PBXBuildFile; fileRef = 032494E62AE534750003ED1E /* Builder.swift */; };
/* End PBXBuildFile section */

/* Begin PBXFileReference section */
		032494BB2AE06F920003ED1E /* HW-16-MVP-Pattern.app */ = {isa = PBXFileReference; explicitFileType = wrapper.application; includeInIndex = 0; path = "HW-16-MVP-Pattern.app"; sourceTree = BUILT_PRODUCTS_DIR; };
		032494BE2AE06F920003ED1E /* AppDelegate.swift */ = {isa = PBXFileReference; lastKnownFileType = sourcecode.swift; path = AppDelegate.swift; sourceTree = "<group>"; };
		032494C02AE06F920003ED1E /* SceneDelegate.swift */ = {isa = PBXFileReference; lastKnownFileType = sourcecode.swift; path = SceneDelegate.swift; sourceTree = "<group>"; };
		032494C22AE06F920003ED1E /* ViewController.swift */ = {isa = PBXFileReference; lastKnownFileType = sourcecode.swift; path = ViewController.swift; sourceTree = "<group>"; };
		032494C72AE06F930003ED1E /* Assets.xcassets */ = {isa = PBXFileReference; lastKnownFileType = folder.assetcatalog; path = Assets.xcassets; sourceTree = "<group>"; };
		032494CA2AE06F930003ED1E /* Base */ = {isa = PBXFileReference; lastKnownFileType = file.storyboard; name = Base; path = Base.lproj/LaunchScreen.storyboard; sourceTree = "<group>"; };
		032494CC2AE06F930003ED1E /* Info.plist */ = {isa = PBXFileReference; lastKnownFileType = text.plist.xml; path = Info.plist; sourceTree = "<group>"; };
		032494DC2AE2F2310003ED1E /* ModalViewController.swift */ = {isa = PBXFileReference; lastKnownFileType = sourcecode.swift; path = ModalViewController.swift; sourceTree = "<group>"; };
		032494DE2AE2F5530003ED1E /* Component.swift */ = {isa = PBXFileReference; lastKnownFileType = sourcecode.swift; path = Component.swift; sourceTree = "<group>"; };
		032494E42AE2FF220003ED1E /* ComponentPresenter.swift */ = {isa = PBXFileReference; lastKnownFileType = sourcecode.swift; path = ComponentPresenter.swift; sourceTree = "<group>"; };
		032494E62AE534750003ED1E /* Builder.swift */ = {isa = PBXFileReference; lastKnownFileType = sourcecode.swift; path = Builder.swift; sourceTree = "<group>"; };
/* End PBXFileReference section */

/* Begin PBXFrameworksBuildPhase section */
		032494B82AE06F920003ED1E /* Frameworks */ = {
			isa = PBXFrameworksBuildPhase;
			buildActionMask = 2147483647;
			files = (
			);
			runOnlyForDeploymentPostprocessing = 0;
		};
/* End PBXFrameworksBuildPhase section */

/* Begin PBXGroup section */
		032494B22AE06F920003ED1E = {
			isa = PBXGroup;
			children = (
				032494BD2AE06F920003ED1E /* HW-16-MVP-Pattern */,
				032494BC2AE06F920003ED1E /* Products */,
			);
			sourceTree = "<group>";
		};
		032494BC2AE06F920003ED1E /* Products */ = {
			isa = PBXGroup;
			children = (
				032494BB2AE06F920003ED1E /* HW-16-MVP-Pattern.app */,
			);
			name = Products;
			sourceTree = "<group>";
		};
		032494BD2AE06F920003ED1E /* HW-16-MVP-Pattern */ = {
			isa = PBXGroup;
			children = (
				032494D32AE071C40003ED1E /* Resources */,
				032494D22AE071BC0003ED1E /* Sources */,
			);
			path = "HW-16-MVP-Pattern";
			sourceTree = "<group>";
		};
		032494D22AE071BC0003ED1E /* Sources */ = {
			isa = PBXGroup;
			children = (
				032494D72AE072120003ED1E /* Presenters */,
				032494D62AE072080003ED1E /* Views */,
				032494D52AE072000003ED1E /* Models */,
				032494D42AE071E50003ED1E /* App */,
			);
			path = Sources;
			sourceTree = "<group>";
		};
		032494D32AE071C40003ED1E /* Resources */ = {
			isa = PBXGroup;
			children = (
				032494CC2AE06F930003ED1E /* Info.plist */,
				032494C92AE06F930003ED1E /* LaunchScreen.storyboard */,
				032494C72AE06F930003ED1E /* Assets.xcassets */,
			);
			path = Resources;
			sourceTree = "<group>";
		};
		032494D42AE071E50003ED1E /* App */ = {
			isa = PBXGroup;
			children = (
				032494C02AE06F920003ED1E /* SceneDelegate.swift */,
				032494BE2AE06F920003ED1E /* AppDelegate.swift */,
				032494E62AE534750003ED1E /* Builder.swift */,
			);
			path = App;
			sourceTree = "<group>";
		};
		032494D52AE072000003ED1E /* Models */ = {
			isa = PBXGroup;
			children = (
				032494DE2AE2F5530003ED1E /* Component.swift */,
			);
			path = Models;
			sourceTree = "<group>";
		};
		032494D62AE072080003ED1E /* Views */ = {
			isa = PBXGroup;
			children = (
				032494C22AE06F920003ED1E /* ViewController.swift */,
				032494DC2AE2F2310003ED1E /* ModalViewController.swift */,
			);
			path = Views;
			sourceTree = "<group>";
		};
		032494D72AE072120003ED1E /* Presenters */ = {
			isa = PBXGroup;
			children = (
				032494E42AE2FF220003ED1E /* ComponentPresenter.swift */,
			);
			path = Presenters;
			sourceTree = "<group>";
		};
/* End PBXGroup section */

/* Begin PBXNativeTarget section */
		032494BA2AE06F920003ED1E /* HW-16-MVP-Pattern */ = {
			isa = PBXNativeTarget;
			buildConfigurationList = 032494CF2AE06F930003ED1E /* Build configuration list for PBXNativeTarget "HW-16-MVP-Pattern" */;
			buildPhases = (
				032494B72AE06F920003ED1E /* Sources */,
				032494B82AE06F920003ED1E /* Frameworks */,
				032494B92AE06F920003ED1E /* Resources */,
			);
			buildRules = (
			);
			dependencies = (
			);
			name = "HW-16-MVP-Pattern";
			productName = "HW-16-MVP-Pattern";
			productReference = 032494BB2AE06F920003ED1E /* HW-16-MVP-Pattern.app */;
			productType = "com.apple.product-type.application";
		};
/* End PBXNativeTarget section */

/* Begin PBXProject section */
		032494B32AE06F920003ED1E /* Project object */ = {
			isa = PBXProject;
			attributes = {
				BuildIndependentTargetsInParallel = 1;
				LastSwiftUpdateCheck = 1500;
				LastUpgradeCheck = 1500;
				TargetAttributes = {
					032494BA2AE06F920003ED1E = {
						CreatedOnToolsVersion = 15.0;
					};
				};
			};
			buildConfigurationList = 032494B62AE06F920003ED1E /* Build configuration list for PBXProject "HW-16-MVP-Pattern" */;
			compatibilityVersion = "Xcode 14.0";
			developmentRegion = en;
			hasScannedForEncodings = 0;
			knownRegions = (
				en,
				Base,
			);
			mainGroup = 032494B22AE06F920003ED1E;
			productRefGroup = 032494BC2AE06F920003ED1E /* Products */;
			projectDirPath = "";
			projectRoot = "";
			targets = (
				032494BA2AE06F920003ED1E /* HW-16-MVP-Pattern */,
			);
		};
/* End PBXProject section */

/* Begin PBXResourcesBuildPhase section */
		032494B92AE06F920003ED1E /* Resources */ = {
			isa = PBXResourcesBuildPhase;
			buildActionMask = 2147483647;
			files = (
				032494CB2AE06F930003ED1E /* LaunchScreen.storyboard in Resources */,
				032494C82AE06F930003ED1E /* Assets.xcassets in Resources */,
			);
			runOnlyForDeploymentPostprocessing = 0;
		};
/* End PBXResourcesBuildPhase section */

/* Begin PBXSourcesBuildPhase section */
		032494B72AE06F920003ED1E /* Sources */ = {
			isa = PBXSourcesBuildPhase;
			buildActionMask = 2147483647;
			files = (
				032494E52AE2FF220003ED1E /* ComponentPresenter.swift in Sources */,
				032494DD2AE2F2310003ED1E /* ModalViewController.swift in Sources */,
				032494E72AE534750003ED1E /* Builder.swift in Sources */,
				032494C32AE06F920003ED1E /* ViewController.swift in Sources */,
				032494BF2AE06F920003ED1E /* AppDelegate.swift in Sources */,
				032494C12AE06F920003ED1E /* SceneDelegate.swift in Sources */,
				032494DF2AE2F5530003ED1E /* Component.swift in Sources */,
			);
			runOnlyForDeploymentPostprocessing = 0;
		};
/* End PBXSourcesBuildPhase section */

/* Begin PBXVariantGroup section */
		032494C92AE06F930003ED1E /* LaunchScreen.storyboard */ = {
			isa = PBXVariantGroup;
			children = (
				032494CA2AE06F930003ED1E /* Base */,
			);
			name = LaunchScreen.storyboard;
			sourceTree = "<group>";
		};
/* End PBXVariantGroup section */

/* Begin XCBuildConfiguration section */
		032494CD2AE06F930003ED1E /* Debug */ = {
			isa = XCBuildConfiguration;
			buildSettings = {
				ALWAYS_SEARCH_USER_PATHS = NO;
				ASSETCATALOG_COMPILER_GENERATE_SWIFT_ASSET_SYMBOL_EXTENSIONS = YES;
				CLANG_ANALYZER_NONNULL = YES;
				CLANG_ANALYZER_NUMBER_OBJECT_CONVERSION = YES_AGGRESSIVE;
				CLANG_CXX_LANGUAGE_STANDARD = "gnu++20";
				CLANG_ENABLE_MODULES = YES;
				CLANG_ENABLE_OBJC_ARC = YES;
				CLANG_ENABLE_OBJC_WEAK = YES;
				CLANG_WARN_BLOCK_CAPTURE_AUTORELEASING = YES;
				CLANG_WARN_BOOL_CONVERSION = YES;
				CLANG_WARN_COMMA = YES;
				CLANG_WARN_CONSTANT_CONVERSION = YES;
				CLANG_WARN_DEPRECATED_OBJC_IMPLEMENTATIONS = YES;
				CLANG_WARN_DIRECT_OBJC_ISA_USAGE = YES_ERROR;
				CLANG_WARN_DOCUMENTATION_COMMENTS = YES;
				CLANG_WARN_EMPTY_BODY = YES;
				CLANG_WARN_ENUM_CONVERSION = YES;
				CLANG_WARN_INFINITE_RECURSION = YES;
				CLANG_WARN_INT_CONVERSION = YES;
				CLANG_WARN_NON_LITERAL_NULL_CONVERSION = YES;
				CLANG_WARN_OBJC_IMPLICIT_RETAIN_SELF = YES;
				CLANG_WARN_OBJC_LITERAL_CONVERSION = YES;
				CLANG_WARN_OBJC_ROOT_CLASS = YES_ERROR;
				CLANG_WARN_QUOTED_INCLUDE_IN_FRAMEWORK_HEADER = YES;
				CLANG_WARN_RANGE_LOOP_ANALYSIS = YES;
				CLANG_WARN_STRICT_PROTOTYPES = YES;
				CLANG_WARN_SUSPICIOUS_MOVE = YES;
				CLANG_WARN_UNGUARDED_AVAILABILITY = YES_AGGRESSIVE;
				CLANG_WARN_UNREACHABLE_CODE = YES;
				CLANG_WARN__DUPLICATE_METHOD_MATCH = YES;
				COPY_PHASE_STRIP = NO;
				DEBUG_INFORMATION_FORMAT = dwarf;
				ENABLE_STRICT_OBJC_MSGSEND = YES;
				ENABLE_TESTABILITY = YES;
				ENABLE_USER_SCRIPT_SANDBOXING = YES;
				GCC_C_LANGUAGE_STANDARD = gnu17;
				GCC_DYNAMIC_NO_PIC = NO;
				GCC_NO_COMMON_BLOCKS = YES;
				GCC_OPTIMIZATION_LEVEL = 0;
				GCC_PREPROCESSOR_DEFINITIONS = (
					"DEBUG=1",
					"$(inherited)",
				);
				GCC_WARN_64_TO_32_BIT_CONVERSION = YES;
				GCC_WARN_ABOUT_RETURN_TYPE = YES_ERROR;
				GCC_WARN_UNDECLARED_SELECTOR = YES;
				GCC_WARN_UNINITIALIZED_AUTOS = YES_AGGRESSIVE;
				GCC_WARN_UNUSED_FUNCTION = YES;
				GCC_WARN_UNUSED_VARIABLE = YES;
				IPHONEOS_DEPLOYMENT_TARGET = 17.0;
				LOCALIZATION_PREFERS_STRING_CATALOGS = YES;
				MTL_ENABLE_DEBUG_INFO = INCLUDE_SOURCE;
				MTL_FAST_MATH = YES;
				ONLY_ACTIVE_ARCH = YES;
				SDKROOT = iphoneos;
				SWIFT_ACTIVE_COMPILATION_CONDITIONS = "DEBUG $(inherited)";
				SWIFT_OPTIMIZATION_LEVEL = "-Onone";
			};
			name = Debug;
		};
		032494CE2AE06F930003ED1E /* Release */ = {
			isa = XCBuildConfiguration;
			buildSettings = {
				ALWAYS_SEARCH_USER_PATHS = NO;
				ASSETCATALOG_COMPILER_GENERATE_SWIFT_ASSET_SYMBOL_EXTENSIONS = YES;
				CLANG_ANALYZER_NONNULL = YES;
				CLANG_ANALYZER_NUMBER_OBJECT_CONVERSION = YES_AGGRESSIVE;
				CLANG_CXX_LANGUAGE_STANDARD = "gnu++20";
				CLANG_ENABLE_MODULES = YES;
				CLANG_ENABLE_OBJC_ARC = YES;
				CLANG_ENABLE_OBJC_WEAK = YES;
				CLANG_WARN_BLOCK_CAPTURE_AUTORELEASING = YES;
				CLANG_WARN_BOOL_CONVERSION = YES;
				CLANG_WARN_COMMA = YES;
				CLANG_WARN_CONSTANT_CONVERSION = YES;
				CLANG_WARN_DEPRECATED_OBJC_IMPLEMENTATIONS = YES;
				CLANG_WARN_DIRECT_OBJC_ISA_USAGE = YES_ERROR;
				CLANG_WARN_DOCUMENTATION_COMMENTS = YES;
				CLANG_WARN_EMPTY_BODY = YES;
				CLANG_WARN_ENUM_CONVERSION = YES;
				CLANG_WARN_INFINITE_RECURSION = YES;
				CLANG_WARN_INT_CONVERSION = YES;
				CLANG_WARN_NON_LITERAL_NULL_CONVERSION = YES;
				CLANG_WARN_OBJC_IMPLICIT_RETAIN_SELF = YES;
				CLANG_WARN_OBJC_LITERAL_CONVERSION = YES;
				CLANG_WARN_OBJC_ROOT_CLASS = YES_ERROR;
				CLANG_WARN_QUOTED_INCLUDE_IN_FRAMEWORK_HEADER = YES;
				CLANG_WARN_RANGE_LOOP_ANALYSIS = YES;
				CLANG_WARN_STRICT_PROTOTYPES = YES;
				CLANG_WARN_SUSPICIOUS_MOVE = YES;
				CLANG_WARN_UNGUARDED_AVAILABILITY = YES_AGGRESSIVE;
				CLANG_WARN_UNREACHABLE_CODE = YES;
				CLANG_WARN__DUPLICATE_METHOD_MATCH = YES;
				COPY_PHASE_STRIP = NO;
				DEBUG_INFORMATION_FORMAT = "dwarf-with-dsym";
				ENABLE_NS_ASSERTIONS = NO;
				ENABLE_STRICT_OBJC_MSGSEND = YES;
				ENABLE_USER_SCRIPT_SANDBOXING = YES;
				GCC_C_LANGUAGE_STANDARD = gnu17;
				GCC_NO_COMMON_BLOCKS = YES;
				GCC_WARN_64_TO_32_BIT_CONVERSION = YES;
				GCC_WARN_ABOUT_RETURN_TYPE = YES_ERROR;
				GCC_WARN_UNDECLARED_SELECTOR = YES;
				GCC_WARN_UNINITIALIZED_AUTOS = YES_AGGRESSIVE;
				GCC_WARN_UNUSED_FUNCTION = YES;
				GCC_WARN_UNUSED_VARIABLE = YES;
				IPHONEOS_DEPLOYMENT_TARGET = 17.0;
				LOCALIZATION_PREFERS_STRING_CATALOGS = YES;
				MTL_ENABLE_DEBUG_INFO = NO;
				MTL_FAST_MATH = YES;
				SDKROOT = iphoneos;
				SWIFT_COMPILATION_MODE = wholemodule;
				VALIDATE_PRODUCT = YES;
			};
			name = Release;
		};
		032494D02AE06F930003ED1E /* Debug */ = {
			isa = XCBuildConfiguration;
			buildSettings = {
				ASSETCATALOG_COMPILER_APPICON_NAME = AppIcon;
				ASSETCATALOG_COMPILER_GLOBAL_ACCENT_COLOR_NAME = AccentColor;
				CODE_SIGN_STYLE = Automatic;
				CURRENT_PROJECT_VERSION = 1;
				DEVELOPMENT_TEAM = YX889WRPYL;
				GENERATE_INFOPLIST_FILE = YES;
				INFOPLIST_FILE = "HW-16-MVP-Pattern/Resources/Info.plist";
				INFOPLIST_KEY_UIApplicationSupportsIndirectInputEvents = YES;
				INFOPLIST_KEY_UILaunchStoryboardName = LaunchScreen;
				INFOPLIST_KEY_UISupportedInterfaceOrientations = UIInterfaceOrientationPortrait;
				IPHONEOS_DEPLOYMENT_TARGET = 16.4;
				LD_RUNPATH_SEARCH_PATHS = (
					"$(inherited)",
					"@executable_path/Frameworks",
				);
				MARKETING_VERSION = 1.0;
				PRODUCT_BUNDLE_IDENTIFIER = "com.gabrielzdravkovici.HW-16-MVP-Pattern";
				PRODUCT_NAME = "$(TARGET_NAME)";
				SWIFT_EMIT_LOC_STRINGS = YES;
				SWIFT_VERSION = 5.0;
				TARGETED_DEVICE_FAMILY = "1,2";
			};
			name = Debug;
		};
		032494D12AE06F930003ED1E /* Release */ = {
			isa = XCBuildConfiguration;
			buildSettings = {
				ASSETCATALOG_COMPILER_APPICON_NAME = AppIcon;
				ASSETCATALOG_COMPILER_GLOBAL_ACCENT_COLOR_NAME = AccentColor;
				CODE_SIGN_STYLE = Automatic;
				CURRENT_PROJECT_VERSION = 1;
				DEVELOPMENT_TEAM = YX889WRPYL;
				GENERATE_INFOPLIST_FILE = YES;
				INFOPLIST_FILE = "HW-16-MVP-Pattern/Resources/Info.plist";
				INFOPLIST_KEY_UIApplicationSupportsIndirectInputEvents = YES;
				INFOPLIST_KEY_UILaunchStoryboardName = LaunchScreen;
				INFOPLIST_KEY_UISupportedInterfaceOrientations = UIInterfaceOrientationPortrait;
				IPHONEOS_DEPLOYMENT_TARGET = 16.4;
				LD_RUNPATH_SEARCH_PATHS = (
					"$(inherited)",
					"@executable_path/Frameworks",
				);
				MARKETING_VERSION = 1.0;
				PRODUCT_BUNDLE_IDENTIFIER = "com.gabrielzdravkovici.HW-16-MVP-Pattern";
				PRODUCT_NAME = "$(TARGET_NAME)";
				SWIFT_EMIT_LOC_STRINGS = YES;
				SWIFT_VERSION = 5.0;
				TARGETED_DEVICE_FAMILY = "1,2";
			};
			name = Release;
		};
/* End XCBuildConfiguration section */

/* Begin XCConfigurationList section */
		032494B62AE06F920003ED1E /* Build configuration list for PBXProject "HW-16-MVP-Pattern" */ = {
			isa = XCConfigurationList;
			buildConfigurations = (
				032494CD2AE06F930003ED1E /* Debug */,
				032494CE2AE06F930003ED1E /* Release */,
			);
			defaultConfigurationIsVisible = 0;
			defaultConfigurationName = Release;
		};
		032494CF2AE06F930003ED1E /* Build configuration list for PBXNativeTarget "HW-16-MVP-Pattern" */ = {
			isa = XCConfigurationList;
			buildConfigurations = (
				032494D02AE06F930003ED1E /* Debug */,
				032494D12AE06F930003ED1E /* Release */,
			);
			defaultConfigurationIsVisible = 0;
			defaultConfigurationName = Release;
		};
/* End XCConfigurationList section */
	};
	rootObject = 032494B32AE06F920003ED1E /* Project object */;
}
